// !$*UTF8*$!
{
	archiveVersion = 1;
	classes = {
	};
	objectVersion = 56;
	objects = {

/* Begin PBXBuildFile section */
		919BDE212AEFCD380059D33C /* ToDoList_SwiftUIApp.swift in Sources */ = {isa = PBXBuildFile; fileRef = 919BDE202AEFCD380059D33C /* ToDoList_SwiftUIApp.swift */; };
		919BDE252AEFCD3B0059D33C /* Assets.xcassets in Resources */ = {isa = PBXBuildFile; fileRef = 919BDE242AEFCD3B0059D33C /* Assets.xcassets */; };
		919BDE282AEFCD3B0059D33C /* Preview Assets.xcassets in Resources */ = {isa = PBXBuildFile; fileRef = 919BDE272AEFCD3B0059D33C /* Preview Assets.xcassets */; };
		919BDE302AEFCE3B0059D33C /* ListView.swift in Sources */ = {isa = PBXBuildFile; fileRef = 919BDE2F2AEFCE3B0059D33C /* ListView.swift */; };
		919BDE322AEFCF6D0059D33C /* ListRowView.swift in Sources */ = {isa = PBXBuildFile; fileRef = 919BDE312AEFCF6D0059D33C /* ListRowView.swift */; };
		919BDE342AEFD2260059D33C /* AddView.swift in Sources */ = {isa = PBXBuildFile; fileRef = 919BDE332AEFD2260059D33C /* AddView.swift */; };
		919BDE372AEFDE000059D33C /* ItemModel.swift in Sources */ = {isa = PBXBuildFile; fileRef = 919BDE362AEFDE000059D33C /* ItemModel.swift */; };
		919BDE3A2AEFE7400059D33C /* ListViewModel.swift in Sources */ = {isa = PBXBuildFile; fileRef = 919BDE392AEFE7400059D33C /* ListViewModel.swift */; };
		91A787142AF015DF009D6692 /* NoItemsView.swift in Sources */ = {isa = PBXBuildFile; fileRef = 91A787132AF015DF009D6692 /* NoItemsView.swift */; };
/* End PBXBuildFile section */

/* Begin PBXFileReference section */
		919BDE1D2AEFCD380059D33C /* ToDoList-SwiftUI.app */ = {isa = PBXFileReference; explicitFileType = wrapper.application; includeInIndex = 0; path = "ToDoList-SwiftUI.app"; sourceTree = BUILT_PRODUCTS_DIR; };
		919BDE202AEFCD380059D33C /* ToDoList_SwiftUIApp.swift */ = {isa = PBXFileReference; lastKnownFileType = sourcecode.swift; path = ToDoList_SwiftUIApp.swift; sourceTree = "<group>"; };
		919BDE242AEFCD3B0059D33C /* Assets.xcassets */ = {isa = PBXFileReference; lastKnownFileType = folder.assetcatalog; path = Assets.xcassets; sourceTree = "<group>"; };
		919BDE272AEFCD3B0059D33C /* Preview Assets.xcassets */ = {isa = PBXFileReference; lastKnownFileType = folder.assetcatalog; path = "Preview Assets.xcassets"; sourceTree = "<group>"; };
		919BDE2F2AEFCE3B0059D33C /* ListView.swift */ = {isa = PBXFileReference; lastKnownFileType = sourcecode.swift; path = ListView.swift; sourceTree = "<group>"; };
		919BDE312AEFCF6D0059D33C /* ListRowView.swift */ = {isa = PBXFileReference; lastKnownFileType = sourcecode.swift; path = ListRowView.swift; sourceTree = "<group>"; };
		919BDE332AEFD2260059D33C /* AddView.swift */ = {isa = PBXFileReference; lastKnownFileType = sourcecode.swift; path = AddView.swift; sourceTree = "<group>"; };
		919BDE362AEFDE000059D33C /* ItemModel.swift */ = {isa = PBXFileReference; lastKnownFileType = sourcecode.swift; path = ItemModel.swift; sourceTree = "<group>"; };
		919BDE392AEFE7400059D33C /* ListViewModel.swift */ = {isa = PBXFileReference; lastKnownFileType = sourcecode.swift; path = ListViewModel.swift; sourceTree = "<group>"; };
		91A787132AF015DF009D6692 /* NoItemsView.swift */ = {isa = PBXFileReference; lastKnownFileType = sourcecode.swift; path = NoItemsView.swift; sourceTree = "<group>"; };
/* End PBXFileReference section */

/* Begin PBXFrameworksBuildPhase section */
		919BDE1A2AEFCD380059D33C /* Frameworks */ = {
			isa = PBXFrameworksBuildPhase;
			buildActionMask = 2147483647;
			files = (
			);
			runOnlyForDeploymentPostprocessing = 0;
		};
/* End PBXFrameworksBuildPhase section */

/* Begin PBXGroup section */
		919BDE142AEFCD380059D33C = {
			isa = PBXGroup;
			children = (
				919BDE1F2AEFCD380059D33C /* ToDoList-SwiftUI */,
				919BDE1E2AEFCD380059D33C /* Products */,
			);
			sourceTree = "<group>";
		};
		919BDE1E2AEFCD380059D33C /* Products */ = {
			isa = PBXGroup;
			children = (
				919BDE1D2AEFCD380059D33C /* ToDoList-SwiftUI.app */,
			);
			name = Products;
			sourceTree = "<group>";
		};
		919BDE1F2AEFCD380059D33C /* ToDoList-SwiftUI */ = {
			isa = PBXGroup;
			children = (
				919BDE202AEFCD380059D33C /* ToDoList_SwiftUIApp.swift */,
				919BDE382AEFE6250059D33C /* ViewModel */,
				919BDE352AEFDDE80059D33C /* Models */,
				919BDE2E2AEFCE230059D33C /* Views */,
				919BDE242AEFCD3B0059D33C /* Assets.xcassets */,
				919BDE262AEFCD3B0059D33C /* Preview Content */,
			);
			path = "ToDoList-SwiftUI";
			sourceTree = "<group>";
		};
		919BDE262AEFCD3B0059D33C /* Preview Content */ = {
			isa = PBXGroup;
			children = (
				919BDE272AEFCD3B0059D33C /* Preview Assets.xcassets */,
			);
			path = "Preview Content";
			sourceTree = "<group>";
		};
		919BDE2E2AEFCE230059D33C /* Views */ = {
			isa = PBXGroup;
			children = (
				919BDE2F2AEFCE3B0059D33C /* ListView.swift */,
				919BDE312AEFCF6D0059D33C /* ListRowView.swift */,
				919BDE332AEFD2260059D33C /* AddView.swift */,
				91A787132AF015DF009D6692 /* NoItemsView.swift */,
			);
			path = Views;
			sourceTree = "<group>";
		};
		919BDE352AEFDDE80059D33C /* Models */ = {
			isa = PBXGroup;
			children = (
				919BDE362AEFDE000059D33C /* ItemModel.swift */,
			);
			path = Models;
			sourceTree = "<group>";
		};
		919BDE382AEFE6250059D33C /* ViewModel */ = {
			isa = PBXGroup;
			children = (
				919BDE392AEFE7400059D33C /* ListViewModel.swift */,
			);
			path = ViewModel;
			sourceTree = "<group>";
		};
/* End PBXGroup section */

/* Begin PBXNativeTarget section */
		919BDE1C2AEFCD380059D33C /* ToDoList-SwiftUI */ = {
			isa = PBXNativeTarget;
			buildConfigurationList = 919BDE2B2AEFCD3B0059D33C /* Build configuration list for PBXNativeTarget "ToDoList-SwiftUI" */;
			buildPhases = (
				919BDE192AEFCD380059D33C /* Sources */,
				919BDE1A2AEFCD380059D33C /* Frameworks */,
				919BDE1B2AEFCD380059D33C /* Resources */,
			);
			buildRules = (
			);
			dependencies = (
			);
			name = "ToDoList-SwiftUI";
			productName = "ToDoList-SwiftUI";
			productReference = 919BDE1D2AEFCD380059D33C /* ToDoList-SwiftUI.app */;
			productType = "com.apple.product-type.application";
		};
/* End PBXNativeTarget section */

/* Begin PBXProject section */
		919BDE152AEFCD380059D33C /* Project object */ = {
			isa = PBXProject;
			attributes = {
				BuildIndependentTargetsInParallel = 1;
				LastSwiftUpdateCheck = 1430;
				LastUpgradeCheck = 1430;
				TargetAttributes = {
					919BDE1C2AEFCD380059D33C = {
						CreatedOnToolsVersion = 14.3;
					};
				};
			};
			buildConfigurationList = 919BDE182AEFCD380059D33C /* Build configuration list for PBXProject "ToDoList-SwiftUI" */;
			compatibilityVersion = "Xcode 14.0";
			developmentRegion = en;
			hasScannedForEncodings = 0;
			knownRegions = (
				en,
				Base,
			);
			mainGroup = 919BDE142AEFCD380059D33C;
			productRefGroup = 919BDE1E2AEFCD380059D33C /* Products */;
			projectDirPath = "";
			projectRoot = "";
			targets = (
				919BDE1C2AEFCD380059D33C /* ToDoList-SwiftUI */,
			);
		};
/* End PBXProject section */

/* Begin PBXResourcesBuildPhase section */
		919BDE1B2AEFCD380059D33C /* Resources */ = {
			isa = PBXResourcesBuildPhase;
			buildActionMask = 2147483647;
			files = (
				919BDE282AEFCD3B0059D33C /* Preview Assets.xcassets in Resources */,
				919BDE252AEFCD3B0059D33C /* Assets.xcassets in Resources */,
			);
			runOnlyForDeploymentPostprocessing = 0;
		};
/* End PBXResourcesBuildPhase section */

/* Begin PBXSourcesBuildPhase section */
		919BDE192AEFCD380059D33C /* Sources */ = {
			isa = PBXSourcesBuildPhase;
			buildActionMask = 2147483647;
			files = (
				919BDE372AEFDE000059D33C /* ItemModel.swift in Sources */,
				919BDE342AEFD2260059D33C /* AddView.swift in Sources */,
				919BDE3A2AEFE7400059D33C /* ListViewModel.swift in Sources */,
				919BDE212AEFCD380059D33C /* ToDoList_SwiftUIApp.swift in Sources */,
				919BDE302AEFCE3B0059D33C /* ListView.swift in Sources */,
				91A787142AF015DF009D6692 /* NoItemsView.swift in Sources */,
				919BDE322AEFCF6D0059D33C /* ListRowView.swift in Sources */,
			);
			runOnlyForDeploymentPostprocessing = 0;
		};
/* End PBXSourcesBuildPhase section */

/* Begin XCBuildConfiguration section */
		919BDE292AEFCD3B0059D33C /* Debug */ = {
			isa = XCBuildConfiguration;
			buildSettings = {
				ALWAYS_SEARCH_USER_PATHS = NO;
				CLANG_ANALYZER_NONNULL = YES;
				CLANG_ANALYZER_NUMBER_OBJECT_CONVERSION = YES_AGGRESSIVE;
				CLANG_CXX_LANGUAGE_STANDARD = "gnu++20";
				CLANG_ENABLE_MODULES = YES;
				CLANG_ENABLE_OBJC_ARC = YES;
				CLANG_ENABLE_OBJC_WEAK = YES;
				CLANG_WARN_BLOCK_CAPTURE_AUTORELEASING = YES;
				CLANG_WARN_BOOL_CONVERSION = YES;
				CLANG_WARN_COMMA = YES;
				CLANG_WARN_CONSTANT_CONVERSION = YES;
				CLANG_WARN_DEPRECATED_OBJC_IMPLEMENTATIONS = YES;
				CLANG_WARN_DIRECT_OBJC_ISA_USAGE = YES_ERROR;
				CLANG_WARN_DOCUMENTATION_COMMENTS = YES;
				CLANG_WARN_EMPTY_BODY = YES;
				CLANG_WARN_ENUM_CONVERSION = YES;
				CLANG_WARN_INFINITE_RECURSION = YES;
				CLANG_WARN_INT_CONVERSION = YES;
				CLANG_WARN_NON_LITERAL_NULL_CONVERSION = YES;
				CLANG_WARN_OBJC_IMPLICIT_RETAIN_SELF = YES;
				CLANG_WARN_OBJC_LITERAL_CONVERSION = YES;
				CLANG_WARN_OBJC_ROOT_CLASS = YES_ERROR;
				CLANG_WARN_QUOTED_INCLUDE_IN_FRAMEWORK_HEADER = YES;
				CLANG_WARN_RANGE_LOOP_ANALYSIS = YES;
				CLANG_WARN_STRICT_PROTOTYPES = YES;
				CLANG_WARN_SUSPICIOUS_MOVE = YES;
				CLANG_WARN_UNGUARDED_AVAILABILITY = YES_AGGRESSIVE;
				CLANG_WARN_UNREACHABLE_CODE = YES;
				CLANG_WARN__DUPLICATE_METHOD_MATCH = YES;
				COPY_PHASE_STRIP = NO;
				DEBUG_INFORMATION_FORMAT = dwarf;
				ENABLE_STRICT_OBJC_MSGSEND = YES;
				ENABLE_TESTABILITY = YES;
				GCC_C_LANGUAGE_STANDARD = gnu11;
				GCC_DYNAMIC_NO_PIC = NO;
				GCC_NO_COMMON_BLOCKS = YES;
				GCC_OPTIMIZATION_LEVEL = 0;
				GCC_PREPROCESSOR_DEFINITIONS = (
					"DEBUG=1",
					"$(inherited)",
				);
				GCC_WARN_64_TO_32_BIT_CONVERSION = YES;
				GCC_WARN_ABOUT_RETURN_TYPE = YES_ERROR;
				GCC_WARN_UNDECLARED_SELECTOR = YES;
				GCC_WARN_UNINITIALIZED_AUTOS = YES_AGGRESSIVE;
				GCC_WARN_UNUSED_FUNCTION = YES;
				GCC_WARN_UNUSED_VARIABLE = YES;
				IPHONEOS_DEPLOYMENT_TARGET = 16.4;
				MTL_ENABLE_DEBUG_INFO = INCLUDE_SOURCE;
				MTL_FAST_MATH = YES;
				ONLY_ACTIVE_ARCH = YES;
				SDKROOT = iphoneos;
				SWIFT_ACTIVE_COMPILATION_CONDITIONS = DEBUG;
				SWIFT_OPTIMIZATION_LEVEL = "-Onone";
			};
			name = Debug;
		};
		919BDE2A2AEFCD3B0059D33C /* Release */ = {
			isa = XCBuildConfiguration;
			buildSettings = {
				ALWAYS_SEARCH_USER_PATHS = NO;
				CLANG_ANALYZER_NONNULL = YES;
				CLANG_ANALYZER_NUMBER_OBJECT_CONVERSION = YES_AGGRESSIVE;
				CLANG_CXX_LANGUAGE_STANDARD = "gnu++20";
				CLANG_ENABLE_MODULES = YES;
				CLANG_ENABLE_OBJC_ARC = YES;
				CLANG_ENABLE_OBJC_WEAK = YES;
				CLANG_WARN_BLOCK_CAPTURE_AUTORELEASING = YES;
				CLANG_WARN_BOOL_CONVERSION = YES;
				CLANG_WARN_COMMA = YES;
				CLANG_WARN_CONSTANT_CONVERSION = YES;
				CLANG_WARN_DEPRECATED_OBJC_IMPLEMENTATIONS = YES;
				CLANG_WARN_DIRECT_OBJC_ISA_USAGE = YES_ERROR;
				CLANG_WARN_DOCUMENTATION_COMMENTS = YES;
				CLANG_WARN_EMPTY_BODY = YES;
				CLANG_WARN_ENUM_CONVERSION = YES;
				CLANG_WARN_INFINITE_RECURSION = YES;
				CLANG_WARN_INT_CONVERSION = YES;
				CLANG_WARN_NON_LITERAL_NULL_CONVERSION = YES;
				CLANG_WARN_OBJC_IMPLICIT_RETAIN_SELF = YES;
				CLANG_WARN_OBJC_LITERAL_CONVERSION = YES;
				CLANG_WARN_OBJC_ROOT_CLASS = YES_ERROR;
				CLANG_WARN_QUOTED_INCLUDE_IN_FRAMEWORK_HEADER = YES;
				CLANG_WARN_RANGE_LOOP_ANALYSIS = YES;
				CLANG_WARN_STRICT_PROTOTYPES = YES;
				CLANG_WARN_SUSPICIOUS_MOVE = YES;
				CLANG_WARN_UNGUARDED_AVAILABILITY = YES_AGGRESSIVE;
				CLANG_WARN_UNREACHABLE_CODE = YES;
				CLANG_WARN__DUPLICATE_METHOD_MATCH = YES;
				COPY_PHASE_STRIP = NO;
				DEBUG_INFORMATION_FORMAT = "dwarf-with-dsym";
				ENABLE_NS_ASSERTIONS = NO;
				ENABLE_STRICT_OBJC_MSGSEND = YES;
				GCC_C_LANGUAGE_STANDARD = gnu11;
				GCC_NO_COMMON_BLOCKS = YES;
				GCC_WARN_64_TO_32_BIT_CONVERSION = YES;
				GCC_WARN_ABOUT_RETURN_TYPE = YES_ERROR;
				GCC_WARN_UNDECLARED_SELECTOR = YES;
				GCC_WARN_UNINITIALIZED_AUTOS = YES_AGGRESSIVE;
				GCC_WARN_UNUSED_FUNCTION = YES;
				GCC_WARN_UNUSED_VARIABLE = YES;
				IPHONEOS_DEPLOYMENT_TARGET = 16.4;
				MTL_ENABLE_DEBUG_INFO = NO;
				MTL_FAST_MATH = YES;
				SDKROOT = iphoneos;
				SWIFT_COMPILATION_MODE = wholemodule;
				SWIFT_OPTIMIZATION_LEVEL = "-O";
				VALIDATE_PRODUCT = YES;
			};
			name = Release;
		};
		919BDE2C2AEFCD3B0059D33C /* Debug */ = {
			isa = XCBuildConfiguration;
			buildSettings = {
				ASSETCATALOG_COMPILER_APPICON_NAME = AppIcon;
				ASSETCATALOG_COMPILER_GLOBAL_ACCENT_COLOR_NAME = AccentColor;
				CODE_SIGN_STYLE = Automatic;
				CURRENT_PROJECT_VERSION = 1;
				DEVELOPMENT_ASSET_PATHS = "\"ToDoList-SwiftUI/Preview Content\"";
				DEVELOPMENT_TEAM = A83DTTZX83;
				ENABLE_PREVIEWS = YES;
				GENERATE_INFOPLIST_FILE = YES;
				INFOPLIST_KEY_UIApplicationSceneManifest_Generation = YES;
				INFOPLIST_KEY_UIApplicationSupportsIndirectInputEvents = YES;
				INFOPLIST_KEY_UILaunchScreen_Generation = YES;
				INFOPLIST_KEY_UISupportedInterfaceOrientations_iPad = "UIInterfaceOrientationPortrait UIInterfaceOrientationPortraitUpsideDown UIInterfaceOrientationLandscapeLeft UIInterfaceOrientationLandscapeRight";
				INFOPLIST_KEY_UISupportedInterfaceOrientations_iPhone = "UIInterfaceOrientationPortrait UIInterfaceOrientationLandscapeLeft UIInterfaceOrientationLandscapeRight";
				LD_RUNPATH_SEARCH_PATHS = (
					"$(inherited)",
					"@executable_path/Frameworks",
				);
				MARKETING_VERSION = 1.0;
				PRODUCT_BUNDLE_IDENTIFIER = "com.adiamoyal.ToDoList-SwiftUI";
				PRODUCT_NAME = "$(TARGET_NAME)";
				SWIFT_EMIT_LOC_STRINGS = YES;
				SWIFT_VERSION = 5.0;
				TARGETED_DEVICE_FAMILY = "1,2";
			};
			name = Debug;
		};
		919BDE2D2AEFCD3B0059D33C /* Release */ = {
			isa = XCBuildConfiguration;
			buildSettings = {
				ASSETCATALOG_COMPILER_APPICON_NAME = AppIcon;
				ASSETCATALOG_COMPILER_GLOBAL_ACCENT_COLOR_NAME = AccentColor;
				CODE_SIGN_STYLE = Automatic;
				CURRENT_PROJECT_VERSION = 1;
				DEVELOPMENT_ASSET_PATHS = "\"ToDoList-SwiftUI/Preview Content\"";
				DEVELOPMENT_TEAM = A83DTTZX83;
				ENABLE_PREVIEWS = YES;
				GENERATE_INFOPLIST_FILE = YES;
				INFOPLIST_KEY_UIApplicationSceneManifest_Generation = YES;
				INFOPLIST_KEY_UIApplicationSupportsIndirectInputEvents = YES;
				INFOPLIST_KEY_UILaunchScreen_Generation = YES;
				INFOPLIST_KEY_UISupportedInterfaceOrientations_iPad = "UIInterfaceOrientationPortrait UIInterfaceOrientationPortraitUpsideDown UIInterfaceOrientationLandscapeLeft UIInterfaceOrientationLandscapeRight";
				INFOPLIST_KEY_UISupportedInterfaceOrientations_iPhone = "UIInterfaceOrientationPortrait UIInterfaceOrientationLandscapeLeft UIInterfaceOrientationLandscapeRight";
				LD_RUNPATH_SEARCH_PATHS = (
					"$(inherited)",
					"@executable_path/Frameworks",
				);
				MARKETING_VERSION = 1.0;
				PRODUCT_BUNDLE_IDENTIFIER = "com.adiamoyal.ToDoList-SwiftUI";
				PRODUCT_NAME = "$(TARGET_NAME)";
				SWIFT_EMIT_LOC_STRINGS = YES;
				SWIFT_VERSION = 5.0;
				TARGETED_DEVICE_FAMILY = "1,2";
			};
			name = Release;
		};
/* End XCBuildConfiguration section */

/* Begin XCConfigurationList section */
		919BDE182AEFCD380059D33C /* Build configuration list for PBXProject "ToDoList-SwiftUI" */ = {
			isa = XCConfigurationList;
			buildConfigurations = (
				919BDE292AEFCD3B0059D33C /* Debug */,
				919BDE2A2AEFCD3B0059D33C /* Release */,
			);
			defaultConfigurationIsVisible = 0;
			defaultConfigurationName = Release;
		};
		919BDE2B2AEFCD3B0059D33C /* Build configuration list for PBXNativeTarget "ToDoList-SwiftUI" */ = {
			isa = XCConfigurationList;
			buildConfigurations = (
				919BDE2C2AEFCD3B0059D33C /* Debug */,
				919BDE2D2AEFCD3B0059D33C /* Release */,
			);
			defaultConfigurationIsVisible = 0;
			defaultConfigurationName = Release;
		};
/* End XCConfigurationList section */
	};
	rootObject = 919BDE152AEFCD380059D33C /* Project object */;
}
